
Microsoft Visual Studio Solution File, Format Version 12.00
# Visual Studio Version 17
VisualStudioVersion = 17.0.31919.166
MinimumVisualStudioVersion = 10.0.40219.1
Project("{2150E333-8FDC-42A3-9474-1A3956D46DE8}") = "Host", "Host", "{BF80134A-4B70-4098-8ADF-2B680605F900}"
EndProject
Project("{FAE04EC0-301F-11D3-BF4B-00C04F79EFBC}") = "Accounting.Web", "Accounting.Web\Accounting.Web.csproj", "{78530DAC-D4C1-456A-A1E5-2DB3605CAB89}"
EndProject
Global
	GlobalSection(SolutionConfigurationPlatforms) = preSolution
		Debug|Any CPU = Debug|Any CPU
		Release|Any CPU = Release|Any CPU
	EndGlobalSection
	GlobalSection(ProjectConfigurationPlatforms) = postSolution
		{78530DAC-D4C1-456A-A1E5-2DB3605CAB89}.Debug|Any CPU.ActiveCfg = Debug|Any CPU
		{78530DAC-D4C1-456A-A1E5-2DB3605CAB89}.Debug|Any CPU.Build.0 = Debug|Any CPU
		{78530DAC-D4C1-456A-A1E5-2DB3605CAB89}.Release|Any CPU.ActiveCfg = Release|Any CPU
		{78530DAC-D4C1-456A-A1E5-2DB3605CAB89}.Release|Any CPU.Build.0 = Release|Any CPU
	EndGlobalSection
	GlobalSection(SolutionProperties) = preSolution
		HideSolutionNode = FALSE
	EndGlobalSection
	GlobalSection(NestedProjects) = preSolution
		{78530DAC-D4C1-456A-A1E5-2DB3605CAB89} = {BF80134A-4B70-4098-8ADF-2B680605F900}
	EndGlobalSection
	GlobalSection(ExtensibilityGlobals) = postSolution
		SolutionGuid = {641639C1-330D-4B42-99A2-0FCBA327936B}
	EndGlobalSection
EndGlobal
